
Microsoft Visual Studio Solution File, Format Version 12.00
# Visual Studio 15
VisualStudioVersion = 15.0.28307.902
MinimumVisualStudioVersion = 10.0.40219.1
Project("{FAE04EC0-301F-11D3-BF4B-00C04F79EFBC}") = "SoftCodeL", "SoftCodeL\SoftCodeL.csproj", "{DC96536B-F794-4802-9AC6-34E74ECE42C3}"
EndProject
Global
	GlobalSection(SolutionConfigurationPlatforms) = preSolution
		Debug|Any CPU = Debug|Any CPU
		Release|Any CPU = Release|Any CPU
	EndGlobalSection
	GlobalSection(ProjectConfigurationPlatforms) = postSolution
		{DC96536B-F794-4802-9AC6-34E74ECE42C3}.Debug|Any CPU.ActiveCfg = Debug|Any CPU
		{DC96536B-F794-4802-9AC6-34E74ECE42C3}.Debug|Any CPU.Build.0 = Debug|Any CPU
		{DC96536B-F794-4802-9AC6-34E74ECE42C3}.Release|Any CPU.ActiveCfg = Release|Any CPU
		{DC96536B-F794-4802-9AC6-34E74ECE42C3}.Release|Any CPU.Build.0 = Release|Any CPU
	EndGlobalSection
	GlobalSection(SolutionProperties) = preSolution
		HideSolutionNode = FALSE
	EndGlobalSection
	GlobalSection(ExtensibilityGlobals) = postSolution
		SolutionGuid = {9A6E95E4-C93D-4EB3-8A76-7FCACA766C74}
	EndGlobalSection
EndGlobal
